// !$*UTF8*$!
{
	archiveVersion = 1;
	classes = {
	};
	objectVersion = 50;
	objects = {

/* Begin PBXBuildFile section */
		B3CDA1A32FD324B400354E4F /* AppDelegate.swift in Sources */ = {isa = PBXBuildFile; fileRef = B3CDA1A22FD324B400354E4F /* AppDelegate.swift */; };
		B3CDA1A52FD324B400354E4F /* SceneDelegate.swift in Sources */ = {isa = PBXBuildFile; fileRef = B3CDA1A42FD324B400354E4F /* SceneDelegate.swift */; };
		B3CDA1A72FD324B400354E4F /* ViewController.swift in Sources */ = {isa = PBXBuildFile; fileRef = B3CDA1A62FD324B400354E4F /* ViewController.swift */; };
		B3CDA1AA2FD324B400354E4F /* Main.storyboard in Resources */ = {isa = PBXBuildFile; fileRef = B3CDA1A82FD324B400354E4F /* Main.storyboard */; };
		B3CDA1AC2FD324BF00354E4F /* Assets.xcassets in Resources */ = {isa = PBXBuildFile; fileRef = B3CDA1AB2FD324BF00354E4F /* Assets.xcassets */; };
		B3CDA1AF2FD324BF00354E4F /* LaunchScreen.storyboard in Resources */ = {isa = PBXBuildFile; fileRef = B3CDA1AD2FD324BF00354E4F /* LaunchScreen.storyboard */; };
		B3CDA1BA2FD324BF00354E4F /* RemoteRecruitTests.swift in Sources */ = {isa = PBXBuildFile; fileRef = B3CDA1B92FD324BF00354E4F /* RemoteRecruitTests.swift */; };
		B3CDA1C52FD324C000354E4F /* RemoteRecruitUITests.swift in Sources */ = {isa = PBXBuildFile; fileRef = B3CDA1C42FD324C000354E4F /* RemoteRecruitUITests.swift */; };
/* End PBXBuildFile section */

/* Begin PBXContainerItemProxy section */
		B3CDA1B62FD324BF00354E4F /* PBXContainerItemProxy */ = {
			isa = PBXContainerItemProxy;
			containerPortal = B3CDA1972FD324B400354E4F /* Project object */;
			proxyType = 1;
			remoteGlobalIDString = B3CDA19E2FD324B400354E4F;
			remoteInfo = RemoteRecruit;
		};
		B3CDA1C12FD324C000354E4F /* PBXContainerItemProxy */ = {
			isa = PBXContainerItemProxy;
			containerPortal = B3CDA1972FD324B400354E4F /* Project object */;
			proxyType = 1;
			remoteGlobalIDString = B3CDA19E2FD324B400354E4F;
			remoteInfo = RemoteRecruit;
		};
/* End PBXContainerItemProxy section */

/* Begin PBXFileReference section */
		B3CDA19F2FD324B400354E4F /* RemoteRecruit.app */ = {isa = PBXFileReference; explicitFileType = wrapper.application; includeInIndex = 0; path = RemoteRecruit.app; sourceTree = BUILT_PRODUCTS_DIR; };
		B3CDA1A22FD324B400354E4F /* AppDelegate.swift */ = {isa = PBXFileReference; lastKnownFileType = sourcecode.swift; path = AppDelegate.swift; sourceTree = "<group>"; };
		B3CDA1A42FD324B400354E4F /* SceneDelegate.swift */ = {isa = PBXFileReference; lastKnownFileType = sourcecode.swift; path = SceneDelegate.swift; sourceTree = "<group>"; };
		B3CDA1A62FD324B400354E4F /* ViewController.swift */ = {isa = PBXFileReference; lastKnownFileType = sourcecode.swift; path = ViewController.swift; sourceTree = "<group>"; };
		B3CDA1A92FD324B400354E4F /* Base */ = {isa = PBXFileReference; lastKnownFileType = file.storyboard; name = Base; path = Base.lproj/Main.storyboard; sourceTree = "<group>"; };
		B3CDA1AB2FD324BF00354E4F /* Assets.xcassets */ = {isa = PBXFileReference; lastKnownFileType = folder.assetcatalog; path = Assets.xcassets; sourceTree = "<group>"; };
		B3CDA1AE2FD324BF00354E4F /* Base */ = {isa = PBXFileReference; lastKnownFileType = file.storyboard; name = Base; path = Base.lproj/LaunchScreen.storyboard; sourceTree = "<group>"; };
		B3CDA1B02FD324BF00354E4F /* Info.plist */ = {isa = PBXFileReference; lastKnownFileType = text.plist.xml; path = Info.plist; sourceTree = "<group>"; };
		B3CDA1B52FD324BF00354E4F /* RemoteRecruitTests.xctest */ = {isa = PBXFileReference; explicitFileType = wrapper.cfbundle; includeInIndex = 0; path = RemoteRecruitTests.xctest; sourceTree = BUILT_PRODUCTS_DIR; };
		B3CDA1B92FD324BF00354E4F /* RemoteRecruitTests.swift */ = {isa = PBXFileReference; lastKnownFileType = sourcecode.swift; path = RemoteRecruitTests.swift; sourceTree = "<group>"; };
		B3CDA1BB2FD324BF00354E4F /* Info.plist */ = {isa = PBXFileReference; lastKnownFileType = text.plist.xml; path = Info.plist; sourceTree = "<group>"; };
		B3CDA1C02FD324C000354E4F /* RemoteRecruitUITests.xctest */ = {isa = PBXFileReference; explicitFileType = wrapper.cfbundle; includeInIndex = 0; path = RemoteRecruitUITests.xctest; sourceTree = BUILT_PRODUCTS_DIR; };
		B3CDA1C42FD324C000354E4F /* RemoteRecruitUITests.swift */ = {isa = PBXFileReference; lastKnownFileType = sourcecode.swift; path = RemoteRecruitUITests.swift; sourceTree = "<group>"; };
		B3CDA1C62FD324C000354E4F /* Info.plist */ = {isa = PBXFileReference; lastKnownFileType = text.plist.xml; path = Info.plist; sourceTree = "<group>"; };
/* End PBXFileReference section */

/* Begin PBXFrameworksBuildPhase section */
		B3CDA19C2FD324B400354E4F /* Frameworks */ = {
			isa = PBXFrameworksBuildPhase;
			buildActionMask = 2147483647;
			files = (
			);
			runOnlyForDeploymentPostprocessing = 0;
		};
		B3CDA1B22FD324BF00354E4F /* Frameworks */ = {
			isa = PBXFrameworksBuildPhase;
			buildActionMask = 2147483647;
			files = (
			);
			runOnlyForDeploymentPostprocessing = 0;
		};
		B3CDA1BD2FD324C000354E4F /* Frameworks */ = {
			isa = PBXFrameworksBuildPhase;
			buildActionMask = 2147483647;
			files = (
			);
			runOnlyForDeploymentPostprocessing = 0;
		};
/* End PBXFrameworksBuildPhase section */

/* Begin PBXGroup section */
		B3CDA1962FD324B400354E4F = {
			isa = PBXGroup;
			children = (
				B3CDA1A12FD324B400354E4F /* RemoteRecruit */,
				B3CDA1B82FD324BF00354E4F /* RemoteRecruitTests */,
				B3CDA1C32FD324C000354E4F /* RemoteRecruitUITests */,
				B3CDA1A02FD324B400354E4F /* Products */,
			);
			sourceTree = "<group>";
		};
		B3CDA1A02FD324B400354E4F /* Products */ = {
			isa = PBXGroup;
			children = (
				B3CDA19F2FD324B400354E4F /* RemoteRecruit.app */,
				B3CDA1B52FD324BF00354E4F /* RemoteRecruitTests.xctest */,
				B3CDA1C02FD324C000354E4F /* RemoteRecruitUITests.xctest */,
			);
			name = Products;
			sourceTree = "<group>";
		};
		B3CDA1A12FD324B400354E4F /* RemoteRecruit */ = {
			isa = PBXGroup;
			children = (
				B3CDA1A22FD324B400354E4F /* AppDelegate.swift */,
				B3CDA1A42FD324B400354E4F /* SceneDelegate.swift */,
				B3CDA1A62FD324B400354E4F /* ViewController.swift */,
				B3CDA1A82FD324B400354E4F /* Main.storyboard */,
				B3CDA1AB2FD324BF00354E4F /* Assets.xcassets */,
				B3CDA1AD2FD324BF00354E4F /* LaunchScreen.storyboard */,
				B3CDA1B02FD324BF00354E4F /* Info.plist */,
			);
			path = RemoteRecruit;
			sourceTree = "<group>";
		};
		B3CDA1B82FD324BF00354E4F /* RemoteRecruitTests */ = {
			isa = PBXGroup;
			children = (
				B3CDA1B92FD324BF00354E4F /* RemoteRecruitTests.swift */,
				B3CDA1BB2FD324BF00354E4F /* Info.plist */,
			);
			path = RemoteRecruitTests;
			sourceTree = "<group>";
		};
		B3CDA1C32FD324C000354E4F /* RemoteRecruitUITests */ = {
			isa = PBXGroup;
			children = (
				B3CDA1C42FD324C000354E4F /* RemoteRecruitUITests.swift */,
				B3CDA1C62FD324C000354E4F /* Info.plist */,
			);
			path = RemoteRecruitUITests;
			sourceTree = "<group>";
		};
/* End PBXGroup section */

/* Begin PBXNativeTarget section */
		B3CDA19E2FD324B400354E4F /* RemoteRecruit */ = {
			isa = PBXNativeTarget;
			buildConfigurationList = B3CDA1C92FD324C000354E4F /* Build configuration list for PBXNativeTarget "RemoteRecruit" */;
			buildPhases = (
				B3CDA19B2FD324B400354E4F /* Sources */,
				B3CDA19C2FD324B400354E4F /* Frameworks */,
				B3CDA19D2FD324B400354E4F /* Resources */,
			);
			buildRules = (
			);
			dependencies = (
			);
			name = RemoteRecruit;
			productName = RemoteRecruit;
			productReference = B3CDA19F2FD324B400354E4F /* RemoteRecruit.app */;
			productType = "com.apple.product-type.application";
		};
		B3CDA1B42FD324BF00354E4F /* RemoteRecruitTests */ = {
			isa = PBXNativeTarget;
			buildConfigurationList = B3CDA1CC2FD324C000354E4F /* Build configuration list for PBXNativeTarget "RemoteRecruitTests" */;
			buildPhases = (
				B3CDA1B12FD324BF00354E4F /* Sources */,
				B3CDA1B22FD324BF00354E4F /* Frameworks */,
				B3CDA1B32FD324BF00354E4F /* Resources */,
			);
			buildRules = (
			);
			dependencies = (
				B3CDA1B72FD324BF00354E4F /* PBXTargetDependency */,
			);
			name = RemoteRecruitTests;
			productName = RemoteRecruitTests;
			productReference = B3CDA1B52FD324BF00354E4F /* RemoteRecruitTests.xctest */;
			productType = "com.apple.product-type.bundle.unit-test";
		};
		B3CDA1BF2FD324C000354E4F /* RemoteRecruitUITests */ = {
			isa = PBXNativeTarget;
			buildConfigurationList = B3CDA1CF2FD324C000354E4F /* Build configuration list for PBXNativeTarget "RemoteRecruitUITests" */;
			buildPhases = (
				B3CDA1BC2FD324C000354E4F /* Sources */,
				B3CDA1BD2FD324C000354E4F /* Frameworks */,
				B3CDA1BE2FD324C000354E4F /* Resources */,
			);
			buildRules = (
			);
			dependencies = (
				B3CDA1C22FD324C000354E4F /* PBXTargetDependency */,
			);
			name = RemoteRecruitUITests;
			productName = RemoteRecruitUITests;
			productReference = B3CDA1C02FD324C000354E4F /* RemoteRecruitUITests.xctest */;
			productType = "com.apple.product-type.bundle.ui-testing";
		};
/* End PBXNativeTarget section */

/* Begin PBXProject section */
		B3CDA1972FD324B400354E4F /* Project object */ = {
			isa = PBXProject;
			attributes = {
				LastSwiftUpdateCheck = 1210;
				LastUpgradeCheck = 1210;
				TargetAttributes = {
					B3CDA19E2FD324B400354E4F = {
						CreatedOnToolsVersion = 12.1;
					};
					B3CDA1B42FD324BF00354E4F = {
						CreatedOnToolsVersion = 12.1;
						TestTargetID = B3CDA19E2FD324B400354E4F;
					};
					B3CDA1BF2FD324C000354E4F = {
						CreatedOnToolsVersion = 12.1;
						TestTargetID = B3CDA19E2FD324B400354E4F;
					};
				};
			};
			buildConfigurationList = B3CDA19A2FD324B400354E4F /* Build configuration list for PBXProject "RemoteRecruit" */;
			compatibilityVersion = "Xcode 9.3";
			developmentRegion = en;
			hasScannedForEncodings = 0;
			knownRegions = (
				en,
				Base,
			);
			mainGroup = B3CDA1962FD324B400354E4F;
			productRefGroup = B3CDA1A02FD324B400354E4F /* Products */;
			projectDirPath = "";
			projectRoot = "";
			targets = (
				B3CDA19E2FD324B400354E4F /* RemoteRecruit */,
				B3CDA1B42FD324BF00354E4F /* RemoteRecruitTests */,
				B3CDA1BF2FD324C000354E4F /* RemoteRecruitUITests */,
			);
		};
/* End PBXProject section */

/* Begin PBXResourcesBuildPhase section */
		B3CDA19D2FD324B400354E4F /* Resources */ = {
			isa = PBXResourcesBuildPhase;
			buildActionMask = 2147483647;
			files = (
				B3CDA1AF2FD324BF00354E4F /* LaunchScreen.storyboard in Resources */,
				B3CDA1AC2FD324BF00354E4F /* Assets.xcassets in Resources */,
				B3CDA1AA2FD324B400354E4F /* Main.storyboard in Resources */,
			);
			runOnlyForDeploymentPostprocessing = 0;
		};
		B3CDA1B32FD324BF00354E4F /* Resources */ = {
			isa = PBXResourcesBuildPhase;
			buildActionMask = 2147483647;
			files = (
			);
			runOnlyForDeploymentPostprocessing = 0;
		};
		B3CDA1BE2FD324C000354E4F /* Resources */ = {
			isa = PBXResourcesBuildPhase;
			buildActionMask = 2147483647;
			files = (
			);
			runOnlyForDeploymentPostprocessing = 0;
		};
/* End PBXResourcesBuildPhase section */

/* Begin PBXSourcesBuildPhase section */
		B3CDA19B2FD324B400354E4F /* Sources */ = {
			isa = PBXSourcesBuildPhase;
			buildActionMask = 2147483647;
			files = (
				B3CDA1A72FD324B400354E4F /* ViewController.swift in Sources */,
				B3CDA1A32FD324B400354E4F /* AppDelegate.swift in Sources */,
				B3CDA1A52FD324B400354E4F /* SceneDelegate.swift in Sources */,
			);
			runOnlyForDeploymentPostprocessing = 0;
		};
		B3CDA1B12FD324BF00354E4F /* Sources */ = {
			isa = PBXSourcesBuildPhase;
			buildActionMask = 2147483647;
			files = (
				B3CDA1BA2FD324BF00354E4F /* RemoteRecruitTests.swift in Sources */,
			);
			runOnlyForDeploymentPostprocessing = 0;
		};
		B3CDA1BC2FD324C000354E4F /* Sources */ = {
			isa = PBXSourcesBuildPhase;
			buildActionMask = 2147483647;
			files = (
				B3CDA1C52FD324C000354E4F /* RemoteRecruitUITests.swift in Sources */,
			);
			runOnlyForDeploymentPostprocessing = 0;
		};
/* End PBXSourcesBuildPhase section */

/* Begin PBXTargetDependency section */
		B3CDA1B72FD324BF00354E4F /* PBXTargetDependency */ = {
			isa = PBXTargetDependency;
			target = B3CDA19E2FD324B400354E4F /* RemoteRecruit */;
			targetProxy = B3CDA1B62FD324BF00354E4F /* PBXContainerItemProxy */;
		};
		B3CDA1C22FD324C000354E4F /* PBXTargetDependency */ = {
			isa = PBXTargetDependency;
			target = B3CDA19E2FD324B400354E4F /* RemoteRecruit */;
			targetProxy = B3CDA1C12FD324C000354E4F /* PBXContainerItemProxy */;
		};
/* End PBXTargetDependency section */

/* Begin PBXVariantGroup section */
		B3CDA1A82FD324B400354E4F /* Main.storyboard */ = {
			isa = PBXVariantGroup;
			children = (
				B3CDA1A92FD324B400354E4F /* Base */,
			);
			name = Main.storyboard;
			sourceTree = "<group>";
		};
		B3CDA1AD2FD324BF00354E4F /* LaunchScreen.storyboard */ = {
			isa = PBXVariantGroup;
			children = (
				B3CDA1AE2FD324BF00354E4F /* Base */,
			);
			name = LaunchScreen.storyboard;
			sourceTree = "<group>";
		};
/* End PBXVariantGroup section */

/* Begin XCBuildConfiguration section */
		B3CDA1C72FD324C000354E4F /* Debug */ = {
			isa = XCBuildConfiguration;
			buildSettings = {
				ALWAYS_SEARCH_USER_PATHS = NO;
				CLANG_ANALYZER_NONNULL = YES;
				CLANG_ANALYZER_NUMBER_OBJECT_CONVERSION = YES_AGGRESSIVE;
				CLANG_CXX_LANGUAGE_STANDARD = "gnu++14";
				CLANG_CXX_LIBRARY = "libc++";
				CLANG_ENABLE_MODULES = YES;
				CLANG_ENABLE_OBJC_ARC = YES;
				CLANG_ENABLE_OBJC_WEAK = YES;
				CLANG_WARN_BLOCK_CAPTURE_AUTORELEASING = YES;
				CLANG_WARN_BOOL_CONVERSION = YES;
				CLANG_WARN_COMMA = YES;
				CLANG_WARN_CONSTANT_CONVERSION = YES;
				CLANG_WARN_DEPRECATED_OBJC_IMPLEMENTATIONS = YES;
				CLANG_WARN_DIRECT_OBJC_ISA_USAGE = YES_ERROR;
				CLANG_WARN_DOCUMENTATION_COMMENTS = YES;
				CLANG_WARN_EMPTY_BODY = YES;
				CLANG_WARN_ENUM_CONVERSION = YES;
				CLANG_WARN_INFINITE_RECURSION = YES;
				CLANG_WARN_INT_CONVERSION = YES;
				CLANG_WARN_NON_LITERAL_NULL_CONVERSION = YES;
				CLANG_WARN_OBJC_IMPLICIT_RETAIN_SELF = YES;
				CLANG_WARN_OBJC_LITERAL_CONVERSION = YES;
				CLANG_WARN_OBJC_ROOT_CLASS = YES_ERROR;
				CLANG_WARN_QUOTED_INCLUDE_IN_FRAMEWORK_HEADER = YES;
				CLANG_WARN_RANGE_LOOP_ANALYSIS = YES;
				CLANG_WARN_STRICT_PROTOTYPES = YES;
				CLANG_WARN_SUSPICIOUS_MOVE = YES;
				CLANG_WARN_UNGUARDED_AVAILABILITY = YES_AGGRESSIVE;
				CLANG_WARN_UNREACHABLE_CODE = YES;
				CLANG_WARN__DUPLICATE_METHOD_MATCH = YES;
				COPY_PHASE_STRIP = NO;
				DEBUG_INFORMATION_FORMAT = dwarf;
				ENABLE_STRICT_OBJC_MSGSEND = YES;
				ENABLE_TESTABILITY = YES;
				GCC_C_LANGUAGE_STANDARD = gnu11;
				GCC_DYNAMIC_NO_PIC = NO;
				GCC_NO_COMMON_BLOCKS = YES;
				GCC_OPTIMIZATION_LEVEL = 0;
				GCC_PREPROCESSOR_DEFINITIONS = (
					"DEBUG=1",
					"$(inherited)",
				);
				GCC_WARN_64_TO_32_BIT_CONVERSION = YES;
				GCC_WARN_ABOUT_RETURN_TYPE = YES_ERROR;
				GCC_WARN_UNDECLARED_SELECTOR = YES;
				GCC_WARN_UNINITIALIZED_AUTOS = YES_AGGRESSIVE;
				GCC_WARN_UNUSED_FUNCTION = YES;
				GCC_WARN_UNUSED_VARIABLE = YES;
				IPHONEOS_DEPLOYMENT_TARGET = 14.1;
				MTL_ENABLE_DEBUG_INFO = INCLUDE_SOURCE;
				MTL_FAST_MATH = YES;
				ONLY_ACTIVE_ARCH = YES;
				SDKROOT = iphoneos;
				SWIFT_ACTIVE_COMPILATION_CONDITIONS = DEBUG;
				SWIFT_OPTIMIZATION_LEVEL = "-Onone";
			};
			name = Debug;
		};
		B3CDA1C82FD324C000354E4F /* Release */ = {
			isa = XCBuildConfiguration;
			buildSettings = {
				ALWAYS_SEARCH_USER_PATHS = NO;
				CLANG_ANALYZER_NONNULL = YES;
				CLANG_ANALYZER_NUMBER_OBJECT_CONVERSION = YES_AGGRESSIVE;
				CLANG_CXX_LANGUAGE_STANDARD = "gnu++14";
				CLANG_CXX_LIBRARY = "libc++";
				CLANG_ENABLE_MODULES = YES;
				CLANG_ENABLE_OBJC_ARC = YES;
				CLANG_ENABLE_OBJC_WEAK = YES;
				CLANG_WARN_BLOCK_CAPTURE_AUTORELEASING = YES;
				CLANG_WARN_BOOL_CONVERSION = YES;
				CLANG_WARN_COMMA = YES;
				CLANG_WARN_CONSTANT_CONVERSION = YES;
				CLANG_WARN_DEPRECATED_OBJC_IMPLEMENTATIONS = YES;
				CLANG_WARN_DIRECT_OBJC_ISA_USAGE = YES_ERROR;
				CLANG_WARN_DOCUMENTATION_COMMENTS = YES;
				CLANG_WARN_EMPTY_BODY = YES;
				CLANG_WARN_ENUM_CONVERSION = YES;
				CLANG_WARN_INFINITE_RECURSION = YES;
				CLANG_WARN_INT_CONVERSION = YES;
				CLANG_WARN_NON_LITERAL_NULL_CONVERSION = YES;
				CLANG_WARN_OBJC_IMPLICIT_RETAIN_SELF = YES;
				CLANG_WARN_OBJC_LITERAL_CONVERSION = YES;
				CLANG_WARN_OBJC_ROOT_CLASS = YES_ERROR;
				CLANG_WARN_QUOTED_INCLUDE_IN_FRAMEWORK_HEADER = YES;
				CLANG_WARN_RANGE_LOOP_ANALYSIS = YES;
				CLANG_WARN_STRICT_PROTOTYPES = YES;
				CLANG_WARN_SUSPICIOUS_MOVE = YES;
				CLANG_WARN_UNGUARDED_AVAILABILITY = YES_AGGRESSIVE;
				CLANG_WARN_UNREACHABLE_CODE = YES;
				CLANG_WARN__DUPLICATE_METHOD_MATCH = YES;
				COPY_PHASE_STRIP = NO;
				DEBUG_INFORMATION_FORMAT = "dwarf-with-dsym";
				ENABLE_NS_ASSERTIONS = NO;
				ENABLE_STRICT_OBJC_MSGSEND = YES;
				GCC_C_LANGUAGE_STANDARD = gnu11;
				GCC_NO_COMMON_BLOCKS = YES;
				GCC_WARN_64_TO_32_BIT_CONVERSION = YES;
				GCC_WARN_ABOUT_RETURN_TYPE = YES_ERROR;
				GCC_WARN_UNDECLARED_SELECTOR = YES;
				GCC_WARN_UNINITIALIZED_AUTOS = YES_AGGRESSIVE;
				GCC_WARN_UNUSED_FUNCTION = YES;
				GCC_WARN_UNUSED_VARIABLE = YES;
				IPHONEOS_DEPLOYMENT_TARGET = 14.1;
				MTL_ENABLE_DEBUG_INFO = NO;
				MTL_FAST_MATH = YES;
				SDKROOT = iphoneos;
				SWIFT_COMPILATION_MODE = wholemodule;
				SWIFT_OPTIMIZATION_LEVEL = "-O";
				VALIDATE_PRODUCT = YES;
			};
			name = Release;
		};
		B3CDA1CA2FD324C000354E4F /* Debug */ = {
			isa = XCBuildConfiguration;
			buildSettings = {
				ASSETCATALOG_COMPILER_APPICON_NAME = AppIcon;
				ASSETCATALOG_COMPILER_GLOBAL_ACCENT_COLOR_NAME = AccentColor;
				CODE_SIGN_STYLE = Automatic;
				INFOPLIST_FILE = RemoteRecruit/Info.plist;
				LD_RUNPATH_SEARCH_PATHS = (
					"$(inherited)",
					"@executable_path/Frameworks",
				);
				PRODUCT_BUNDLE_IDENTIFIER = testapp.RemoteRecruit;
				PRODUCT_NAME = "$(TARGET_NAME)";
				SWIFT_VERSION = 5.0;
				TARGETED_DEVICE_FAMILY = "1,2";
			};
			name = Debug;
		};
		B3CDA1CB2FD324C000354E4F /* Release */ = {
			isa = XCBuildConfiguration;
			buildSettings = {
				ASSETCATALOG_COMPILER_APPICON_NAME = AppIcon;
				ASSETCATALOG_COMPILER_GLOBAL_ACCENT_COLOR_NAME = AccentColor;
				CODE_SIGN_STYLE = Automatic;
				INFOPLIST_FILE = RemoteRecruit/Info.plist;
				LD_RUNPATH_SEARCH_PATHS = (
					"$(inherited)",
					"@executable_path/Frameworks",
				);
				PRODUCT_BUNDLE_IDENTIFIER = testapp.RemoteRecruit;
				PRODUCT_NAME = "$(TARGET_NAME)";
				SWIFT_VERSION = 5.0;
				TARGETED_DEVICE_FAMILY = "1,2";
			};
			name = Release;
		};
		B3CDA1CD2FD324C000354E4F /* Debug */ = {
			isa = XCBuildConfiguration;
			buildSettings = {
				ALWAYS_EMBED_SWIFT_STANDARD_LIBRARIES = YES;
				BUNDLE_LOADER = "$(TEST_HOST)";
				CODE_SIGN_STYLE = Automatic;
				INFOPLIST_FILE = RemoteRecruitTests/Info.plist;
				IPHONEOS_DEPLOYMENT_TARGET = 14.1;
				LD_RUNPATH_SEARCH_PATHS = (
					"$(inherited)",
					"@executable_path/Frameworks",
					"@loader_path/Frameworks",
				);
				PRODUCT_BUNDLE_IDENTIFIER = testapp.RemoteRecruitTests;
				PRODUCT_NAME = "$(TARGET_NAME)";
				SWIFT_VERSION = 5.0;
				TARGETED_DEVICE_FAMILY = "1,2";
				TEST_HOST = "$(BUILT_PRODUCTS_DIR)/RemoteRecruit.app/RemoteRecruit";
			};
			name = Debug;
		};
		B3CDA1CE2FD324C000354E4F /* Release */ = {
			isa = XCBuildConfiguration;
			buildSettings = {
				ALWAYS_EMBED_SWIFT_STANDARD_LIBRARIES = YES;
				BUNDLE_LOADER = "$(TEST_HOST)";
				CODE_SIGN_STYLE = Automatic;
				INFOPLIST_FILE = RemoteRecruitTests/Info.plist;
				IPHONEOS_DEPLOYMENT_TARGET = 14.1;
				LD_RUNPATH_SEARCH_PATHS = (
					"$(inherited)",
					"@executable_path/Frameworks",
					"@loader_path/Frameworks",
				);
				PRODUCT_BUNDLE_IDENTIFIER = testapp.RemoteRecruitTests;
				PRODUCT_NAME = "$(TARGET_NAME)";
				SWIFT_VERSION = 5.0;
				TARGETED_DEVICE_FAMILY = "1,2";
				TEST_HOST = "$(BUILT_PRODUCTS_DIR)/RemoteRecruit.app/RemoteRecruit";
			};
			name = Release;
		};
		B3CDA1D02FD324C000354E4F /* Debug */ = {
			isa = XCBuildConfiguration;
			buildSettings = {
				ALWAYS_EMBED_SWIFT_STANDARD_LIBRARIES = YES;
				CODE_SIGN_STYLE = Automatic;
				INFOPLIST_FILE = RemoteRecruitUITests/Info.plist;
				LD_RUNPATH_SEARCH_PATHS = (
					"$(inherited)",
					"@executable_path/Frameworks",
					"@loader_path/Frameworks",
				);
				PRODUCT_BUNDLE_IDENTIFIER = testapp.RemoteRecruitUITests;
				PRODUCT_NAME = "$(TARGET_NAME)";
				SWIFT_VERSION = 5.0;
				TARGETED_DEVICE_FAMILY = "1,2";
				TEST_TARGET_NAME = RemoteRecruit;
			};
			name = Debug;
		};
		B3CDA1D12FD324C000354E4F /* Release */ = {
			isa = XCBuildConfiguration;
			buildSettings = {
				ALWAYS_EMBED_SWIFT_STANDARD_LIBRARIES = YES;
				CODE_SIGN_STYLE = Automatic;
				INFOPLIST_FILE = RemoteRecruitUITests/Info.plist;
				LD_RUNPATH_SEARCH_PATHS = (
					"$(inherited)",
					"@executable_path/Frameworks",
					"@loader_path/Frameworks",
				);
				PRODUCT_BUNDLE_IDENTIFIER = testapp.RemoteRecruitUITests;
				PRODUCT_NAME = "$(TARGET_NAME)";
				SWIFT_VERSION = 5.0;
				TARGETED_DEVICE_FAMILY = "1,2";
				TEST_TARGET_NAME = RemoteRecruit;
			};
			name = Release;
		};
/* End XCBuildConfiguration section */

/* Begin XCConfigurationList section */
		B3CDA19A2FD324B400354E4F /* Build configuration list for PBXProject "RemoteRecruit" */ = {
			isa = XCConfigurationList;
			buildConfigurations = (
				B3CDA1C72FD324C000354E4F /* Debug */,
				B3CDA1C82FD324C000354E4F /* Release */,
			);
			defaultConfigurationIsVisible = 0;
			defaultConfigurationName = Release;
		};
		B3CDA1C92FD324C000354E4F /* Build configuration list for PBXNativeTarget "RemoteRecruit" */ = {
			isa = XCConfigurationList;
			buildConfigurations = (
				B3CDA1CA2FD324C000354E4F /* Debug */,
				B3CDA1CB2FD324C000354E4F /* Release */,
			);
			defaultConfigurationIsVisible = 0;
			defaultConfigurationName = Release;
		};
		B3CDA1CC2FD324C000354E4F /* Build configuration list for PBXNativeTarget "RemoteRecruitTests" */ = {
			isa = XCConfigurationList;
			buildConfigurations = (
				B3CDA1CD2FD324C000354E4F /* Debug */,
				B3CDA1CE2FD324C000354E4F /* Release */,
			);
			defaultConfigurationIsVisible = 0;
			defaultConfigurationName = Release;
		};
		B3CDA1CF2FD324C000354E4F /* Build configuration list for PBXNativeTarget "RemoteRecruitUITests" */ = {
			isa = XCConfigurationList;
			buildConfigurations = (
				B3CDA1D02FD324C000354E4F /* Debug */,
				B3CDA1D12FD324C000354E4F /* Release */,
			);
			defaultConfigurationIsVisible = 0;
			defaultConfigurationName = Release;
		};
/* End XCConfigurationList section */
	};
	rootObject = B3CDA1972FD324B400354E4F /* Project object */;
}
